{
  "originHash" : "74ff592d4f5a8f126ebf5598c03322c85e5d450cc0496675d5855f9d26cbb6ab",
  "pins" : [
    {
      "identity" : "thomkit",
      "kind" : "remoteSourceControl",
      "location" : "https://github.com/thom1606/ThomKit",
      "state" : {
        "branch" : "main",
        "revision" : "071118e2f5cacdf8e53e00ba9cc40dfdb8f099d8"
      }
    }
  ],
  "version" : 3
}
