{
  "originHash" : "74ff592d4f5a8f126ebf5598c03322c85e5d450cc0496675d5855f9d26cbb6ab",
  "pins" : [
    {
      "identity" : "thomkit",
      "kind" : "remoteSourceControl",
      "location" : "https://github.com/thom1606/ThomKit",
      "state" : {
        "branch" : "main",
        "revision" : "5b08af2dd9c0c85106555e7a1a868134ca2e2842"
      }
    }
  ],
  "version" : 3
}
