// !$*UTF8*$!
{
	archiveVersion = 1;
	classes = {
	};
	objectVersion = 77;
	objects = {

/* Begin PBXBuildFile section */
		8426D9BD2E49E6D4008F6EB1 /* ShareBox.Helper.app in CopyFiles */ = {isa = PBXBuildFile; fileRef = 8426D95C2E49DD87008F6EB1 /* ShareBox.Helper.app */; settings = {ATTRIBUTES = (RemoveHeadersOnCopy, ); }; };
		8426D9CA2E49ED41008F6EB1 /* ShareBox.Finder.appex in Embed Foundation Extensions */ = {isa = PBXBuildFile; fileRef = 8426D9C22E49ED41008F6EB1 /* ShareBox.Finder.appex */; settings = {ATTRIBUTES = (RemoveHeadersOnCopy, ); }; };
/* End PBXBuildFile section */

/* Begin PBXContainerItemProxy section */
		8426D9C82E49ED41008F6EB1 /* PBXContainerItemProxy */ = {
			isa = PBXContainerItemProxy;
			containerPortal = 8426D93E2E49DD65008F6EB1 /* Project object */;
			proxyType = 1;
			remoteGlobalIDString = 8426D9C12E49ED41008F6EB1;
			remoteInfo = ShareBox.Finder;
		};
/* End PBXContainerItemProxy section */

/* Begin PBXCopyFilesBuildPhase section */
		8426D9BC2E49E6C1008F6EB1 /* CopyFiles */ = {
			isa = PBXCopyFilesBuildPhase;
			buildActionMask = 2147483647;
			dstPath = "";
			dstSubfolderSpec = 7;
			files = (
				8426D9BD2E49E6D4008F6EB1 /* ShareBox.Helper.app in CopyFiles */,
			);
			runOnlyForDeploymentPostprocessing = 0;
		};
		8426D9CF2E49ED41008F6EB1 /* Embed Foundation Extensions */ = {
			isa = PBXCopyFilesBuildPhase;
			buildActionMask = 2147483647;
			dstPath = "";
			dstSubfolderSpec = 13;
			files = (
				8426D9CA2E49ED41008F6EB1 /* ShareBox.Finder.appex in Embed Foundation Extensions */,
			);
			name = "Embed Foundation Extensions";
			runOnlyForDeploymentPostprocessing = 0;
		};
/* End PBXCopyFilesBuildPhase section */

/* Begin PBXFileReference section */
		8426D9462E49DD65008F6EB1 /* ShareBox.app */ = {isa = PBXFileReference; explicitFileType = wrapper.application; includeInIndex = 0; path = ShareBox.app; sourceTree = BUILT_PRODUCTS_DIR; };
		8426D95C2E49DD87008F6EB1 /* ShareBox.Helper.app */ = {isa = PBXFileReference; explicitFileType = wrapper.application; includeInIndex = 0; path = ShareBox.Helper.app; sourceTree = BUILT_PRODUCTS_DIR; };
		8426D9C22E49ED41008F6EB1 /* ShareBox.Finder.appex */ = {isa = PBXFileReference; explicitFileType = "wrapper.app-extension"; includeInIndex = 0; path = ShareBox.Finder.appex; sourceTree = BUILT_PRODUCTS_DIR; };
/* End PBXFileReference section */

/* Begin PBXFileSystemSynchronizedBuildFileExceptionSet section */
		8426D9B52E49E5BC008F6EB1 /* Exceptions for "ShareBox" folder in "ShareBox.Helper" target */ = {
			isa = PBXFileSystemSynchronizedBuildFileExceptionSet;
			membershipExceptions = (
				Sources/.Shared/Utilities/Errors.swift,
				Sources/.Shared/Utilities/Logs.swift,
				Sources/.Shared/Utilities/Utilties.swift,
			);
			target = 8426D95B2E49DD87008F6EB1 /* ShareBox.Helper */;
		};
		8426D9CB2E49ED41008F6EB1 /* Exceptions for "ShareBox.Finder" folder in "ShareBox.Finder" target */ = {
			isa = PBXFileSystemSynchronizedBuildFileExceptionSet;
			membershipExceptions = (
				Info.plist,
			);
			target = 8426D9C12E49ED41008F6EB1 /* ShareBox.Finder */;
		};
		8426D9D12E49ED83008F6EB1 /* Exceptions for "ShareBox" folder in "ShareBox.Finder" target */ = {
			isa = PBXFileSystemSynchronizedBuildFileExceptionSet;
			membershipExceptions = (
				Sources/.Shared/Constants.swift,
				Sources/.Shared/Types.swift,
				Sources/.Shared/Utilities/Errors.swift,
				Sources/.Shared/Utilities/Logs.swift,
				Sources/.Shared/Utilities/Utilties.swift,
			);
			target = 8426D9C12E49ED41008F6EB1 /* ShareBox.Finder */;
		};
/* End PBXFileSystemSynchronizedBuildFileExceptionSet section */

/* Begin PBXFileSystemSynchronizedRootGroup section */
		8426D9482E49DD65008F6EB1 /* ShareBox */ = {
			isa = PBXFileSystemSynchronizedRootGroup;
			exceptions = (
				8426D9B52E49E5BC008F6EB1 /* Exceptions for "ShareBox" folder in "ShareBox.Helper" target */,
				8426D9D12E49ED83008F6EB1 /* Exceptions for "ShareBox" folder in "ShareBox.Finder" target */,
			);
			path = ShareBox;
			sourceTree = "<group>";
		};
		8426D95D2E49DD87008F6EB1 /* ShareBox.Helper */ = {
			isa = PBXFileSystemSynchronizedRootGroup;
			path = ShareBox.Helper;
			sourceTree = "<group>";
		};
		8426D9C32E49ED41008F6EB1 /* ShareBox.Finder */ = {
			isa = PBXFileSystemSynchronizedRootGroup;
			exceptions = (
				8426D9CB2E49ED41008F6EB1 /* Exceptions for "ShareBox.Finder" folder in "ShareBox.Finder" target */,
			);
			path = ShareBox.Finder;
			sourceTree = "<group>";
		};
/* End PBXFileSystemSynchronizedRootGroup section */

/* Begin PBXFrameworksBuildPhase section */
		8426D9432E49DD65008F6EB1 /* Frameworks */ = {
			isa = PBXFrameworksBuildPhase;
			buildActionMask = 2147483647;
			files = (
			);
			runOnlyForDeploymentPostprocessing = 0;
		};
		8426D9592E49DD87008F6EB1 /* Frameworks */ = {
			isa = PBXFrameworksBuildPhase;
			buildActionMask = 2147483647;
			files = (
			);
			runOnlyForDeploymentPostprocessing = 0;
		};
		8426D9BF2E49ED41008F6EB1 /* Frameworks */ = {
			isa = PBXFrameworksBuildPhase;
			buildActionMask = 2147483647;
			files = (
			);
			runOnlyForDeploymentPostprocessing = 0;
		};
/* End PBXFrameworksBuildPhase section */

/* Begin PBXGroup section */
		8426D93D2E49DD65008F6EB1 = {
			isa = PBXGroup;
			children = (
				8426D9482E49DD65008F6EB1 /* ShareBox */,
				8426D95D2E49DD87008F6EB1 /* ShareBox.Helper */,
				8426D9C32E49ED41008F6EB1 /* ShareBox.Finder */,
				8426D9472E49DD65008F6EB1 /* Products */,
			);
			sourceTree = "<group>";
		};
		8426D9472E49DD65008F6EB1 /* Products */ = {
			isa = PBXGroup;
			children = (
				8426D9462E49DD65008F6EB1 /* ShareBox.app */,
				8426D95C2E49DD87008F6EB1 /* ShareBox.Helper.app */,
				8426D9C22E49ED41008F6EB1 /* ShareBox.Finder.appex */,
			);
			name = Products;
			sourceTree = "<group>";
		};
/* End PBXGroup section */

/* Begin PBXNativeTarget section */
		8426D9452E49DD65008F6EB1 /* ShareBox */ = {
			isa = PBXNativeTarget;
			buildConfigurationList = 8426D9552E49DD66008F6EB1 /* Build configuration list for PBXNativeTarget "ShareBox" */;
			buildPhases = (
				8426D9422E49DD65008F6EB1 /* Sources */,
				8426D9432E49DD65008F6EB1 /* Frameworks */,
				8426D9442E49DD65008F6EB1 /* Resources */,
				8426D9BC2E49E6C1008F6EB1 /* CopyFiles */,
				8426D9CF2E49ED41008F6EB1 /* Embed Foundation Extensions */,
			);
			buildRules = (
			);
			dependencies = (
				8426D9C92E49ED41008F6EB1 /* PBXTargetDependency */,
			);
			fileSystemSynchronizedGroups = (
				8426D9482E49DD65008F6EB1 /* ShareBox */,
			);
			name = ShareBox;
			packageProductDependencies = (
			);
			productName = ShareBox;
			productReference = 8426D9462E49DD65008F6EB1 /* ShareBox.app */;
			productType = "com.apple.product-type.application";
		};
		8426D95B2E49DD87008F6EB1 /* ShareBox.Helper */ = {
			isa = PBXNativeTarget;
			buildConfigurationList = 8426D9682E49DD88008F6EB1 /* Build configuration list for PBXNativeTarget "ShareBox.Helper" */;
			buildPhases = (
				8426D9582E49DD87008F6EB1 /* Sources */,
				8426D9592E49DD87008F6EB1 /* Frameworks */,
				8426D95A2E49DD87008F6EB1 /* Resources */,
			);
			buildRules = (
			);
			dependencies = (
			);
			fileSystemSynchronizedGroups = (
				8426D95D2E49DD87008F6EB1 /* ShareBox.Helper */,
			);
			name = ShareBox.Helper;
			packageProductDependencies = (
			);
			productName = ShareBox.Helper;
			productReference = 8426D95C2E49DD87008F6EB1 /* ShareBox.Helper.app */;
			productType = "com.apple.product-type.application";
		};
		8426D9C12E49ED41008F6EB1 /* ShareBox.Finder */ = {
			isa = PBXNativeTarget;
			buildConfigurationList = 8426D9CC2E49ED41008F6EB1 /* Build configuration list for PBXNativeTarget "ShareBox.Finder" */;
			buildPhases = (
				8426D9BE2E49ED41008F6EB1 /* Sources */,
				8426D9BF2E49ED41008F6EB1 /* Frameworks */,
				8426D9C02E49ED41008F6EB1 /* Resources */,
			);
			buildRules = (
			);
			dependencies = (
			);
			fileSystemSynchronizedGroups = (
				8426D9C32E49ED41008F6EB1 /* ShareBox.Finder */,
			);
			name = ShareBox.Finder;
			packageProductDependencies = (
			);
			productName = ShareBox.Finder;
			productReference = 8426D9C22E49ED41008F6EB1 /* ShareBox.Finder.appex */;
			productType = "com.apple.product-type.app-extension";
		};
/* End PBXNativeTarget section */

/* Begin PBXProject section */
		8426D93E2E49DD65008F6EB1 /* Project object */ = {
			isa = PBXProject;
			attributes = {
				BuildIndependentTargetsInParallel = 1;
				LastSwiftUpdateCheck = 1620;
				LastUpgradeCheck = 1620;
				TargetAttributes = {
					8426D9452E49DD65008F6EB1 = {
						CreatedOnToolsVersion = 16.2;
					};
					8426D95B2E49DD87008F6EB1 = {
						CreatedOnToolsVersion = 16.2;
					};
					8426D9C12E49ED41008F6EB1 = {
						CreatedOnToolsVersion = 16.2;
					};
				};
			};
			buildConfigurationList = 8426D9412E49DD65008F6EB1 /* Build configuration list for PBXProject "ShareBox" */;
			developmentRegion = en;
			hasScannedForEncodings = 0;
			knownRegions = (
				en,
				Base,
			);
			mainGroup = 8426D93D2E49DD65008F6EB1;
			minimizedProjectReferenceProxies = 1;
			preferredProjectObjectVersion = 77;
			productRefGroup = 8426D9472E49DD65008F6EB1 /* Products */;
			projectDirPath = "";
			projectRoot = "";
			targets = (
				8426D9452E49DD65008F6EB1 /* ShareBox */,
				8426D95B2E49DD87008F6EB1 /* ShareBox.Helper */,
				8426D9C12E49ED41008F6EB1 /* ShareBox.Finder */,
			);
		};
/* End PBXProject section */

/* Begin PBXResourcesBuildPhase section */
		8426D9442E49DD65008F6EB1 /* Resources */ = {
			isa = PBXResourcesBuildPhase;
			buildActionMask = 2147483647;
			files = (
			);
			runOnlyForDeploymentPostprocessing = 0;
		};
		8426D95A2E49DD87008F6EB1 /* Resources */ = {
			isa = PBXResourcesBuildPhase;
			buildActionMask = 2147483647;
			files = (
			);
			runOnlyForDeploymentPostprocessing = 0;
		};
		8426D9C02E49ED41008F6EB1 /* Resources */ = {
			isa = PBXResourcesBuildPhase;
			buildActionMask = 2147483647;
			files = (
			);
			runOnlyForDeploymentPostprocessing = 0;
		};
/* End PBXResourcesBuildPhase section */

/* Begin PBXSourcesBuildPhase section */
		8426D9422E49DD65008F6EB1 /* Sources */ = {
			isa = PBXSourcesBuildPhase;
			buildActionMask = 2147483647;
			files = (
			);
			runOnlyForDeploymentPostprocessing = 0;
		};
		8426D9582E49DD87008F6EB1 /* Sources */ = {
			isa = PBXSourcesBuildPhase;
			buildActionMask = 2147483647;
			files = (
			);
			runOnlyForDeploymentPostprocessing = 0;
		};
		8426D9BE2E49ED41008F6EB1 /* Sources */ = {
			isa = PBXSourcesBuildPhase;
			buildActionMask = 2147483647;
			files = (
			);
			runOnlyForDeploymentPostprocessing = 0;
		};
/* End PBXSourcesBuildPhase section */

/* Begin PBXTargetDependency section */
		8426D9C92E49ED41008F6EB1 /* PBXTargetDependency */ = {
			isa = PBXTargetDependency;
			target = 8426D9C12E49ED41008F6EB1 /* ShareBox.Finder */;
			targetProxy = 8426D9C82E49ED41008F6EB1 /* PBXContainerItemProxy */;
		};
/* End PBXTargetDependency section */

/* Begin XCBuildConfiguration section */
		8426D9532E49DD66008F6EB1 /* Debug */ = {
			isa = XCBuildConfiguration;
			buildSettings = {
				ALWAYS_SEARCH_USER_PATHS = NO;
				ASSETCATALOG_COMPILER_GENERATE_SWIFT_ASSET_SYMBOL_EXTENSIONS = YES;
				CLANG_ANALYZER_NONNULL = YES;
				CLANG_ANALYZER_NUMBER_OBJECT_CONVERSION = YES_AGGRESSIVE;
				CLANG_CXX_LANGUAGE_STANDARD = "gnu++20";
				CLANG_ENABLE_MODULES = YES;
				CLANG_ENABLE_OBJC_ARC = YES;
				CLANG_ENABLE_OBJC_WEAK = YES;
				CLANG_WARN_BLOCK_CAPTURE_AUTORELEASING = YES;
				CLANG_WARN_BOOL_CONVERSION = YES;
				CLANG_WARN_COMMA = YES;
				CLANG_WARN_CONSTANT_CONVERSION = YES;
				CLANG_WARN_DEPRECATED_OBJC_IMPLEMENTATIONS = YES;
				CLANG_WARN_DIRECT_OBJC_ISA_USAGE = YES_ERROR;
				CLANG_WARN_DOCUMENTATION_COMMENTS = YES;
				CLANG_WARN_EMPTY_BODY = YES;
				CLANG_WARN_ENUM_CONVERSION = YES;
				CLANG_WARN_INFINITE_RECURSION = YES;
				CLANG_WARN_INT_CONVERSION = YES;
				CLANG_WARN_NON_LITERAL_NULL_CONVERSION = YES;
				CLANG_WARN_OBJC_IMPLICIT_RETAIN_SELF = YES;
				CLANG_WARN_OBJC_LITERAL_CONVERSION = YES;
				CLANG_WARN_OBJC_ROOT_CLASS = YES_ERROR;
				CLANG_WARN_QUOTED_INCLUDE_IN_FRAMEWORK_HEADER = YES;
				CLANG_WARN_RANGE_LOOP_ANALYSIS = YES;
				CLANG_WARN_STRICT_PROTOTYPES = YES;
				CLANG_WARN_SUSPICIOUS_MOVE = YES;
				CLANG_WARN_UNGUARDED_AVAILABILITY = YES_AGGRESSIVE;
				CLANG_WARN_UNREACHABLE_CODE = YES;
				CLANG_WARN__DUPLICATE_METHOD_MATCH = YES;
				COPY_PHASE_STRIP = NO;
				DEBUG_INFORMATION_FORMAT = dwarf;
				ENABLE_STRICT_OBJC_MSGSEND = YES;
				ENABLE_TESTABILITY = YES;
				ENABLE_USER_SCRIPT_SANDBOXING = YES;
				GCC_C_LANGUAGE_STANDARD = gnu17;
				GCC_DYNAMIC_NO_PIC = NO;
				GCC_NO_COMMON_BLOCKS = YES;
				GCC_OPTIMIZATION_LEVEL = 0;
				GCC_PREPROCESSOR_DEFINITIONS = (
					"DEBUG=1",
					"$(inherited)",
				);
				GCC_WARN_64_TO_32_BIT_CONVERSION = YES;
				GCC_WARN_ABOUT_RETURN_TYPE = YES_ERROR;
				GCC_WARN_UNDECLARED_SELECTOR = YES;
				GCC_WARN_UNINITIALIZED_AUTOS = YES_AGGRESSIVE;
				GCC_WARN_UNUSED_FUNCTION = YES;
				GCC_WARN_UNUSED_VARIABLE = YES;
				LOCALIZATION_PREFERS_STRING_CATALOGS = YES;
				MACOSX_DEPLOYMENT_TARGET = 15.2;
				MTL_ENABLE_DEBUG_INFO = INCLUDE_SOURCE;
				MTL_FAST_MATH = YES;
				ONLY_ACTIVE_ARCH = YES;
				SDKROOT = macosx;
				SWIFT_ACTIVE_COMPILATION_CONDITIONS = "DEBUG $(inherited)";
				SWIFT_OPTIMIZATION_LEVEL = "-Onone";
			};
			name = Debug;
		};
		8426D9542E49DD66008F6EB1 /* Release */ = {
			isa = XCBuildConfiguration;
			buildSettings = {
				ALWAYS_SEARCH_USER_PATHS = NO;
				ASSETCATALOG_COMPILER_GENERATE_SWIFT_ASSET_SYMBOL_EXTENSIONS = YES;
				CLANG_ANALYZER_NONNULL = YES;
				CLANG_ANALYZER_NUMBER_OBJECT_CONVERSION = YES_AGGRESSIVE;
				CLANG_CXX_LANGUAGE_STANDARD = "gnu++20";
				CLANG_ENABLE_MODULES = YES;
				CLANG_ENABLE_OBJC_ARC = YES;
				CLANG_ENABLE_OBJC_WEAK = YES;
				CLANG_WARN_BLOCK_CAPTURE_AUTORELEASING = YES;
				CLANG_WARN_BOOL_CONVERSION = YES;
				CLANG_WARN_COMMA = YES;
				CLANG_WARN_CONSTANT_CONVERSION = YES;
				CLANG_WARN_DEPRECATED_OBJC_IMPLEMENTATIONS = YES;
				CLANG_WARN_DIRECT_OBJC_ISA_USAGE = YES_ERROR;
				CLANG_WARN_DOCUMENTATION_COMMENTS = YES;
				CLANG_WARN_EMPTY_BODY = YES;
				CLANG_WARN_ENUM_CONVERSION = YES;
				CLANG_WARN_INFINITE_RECURSION = YES;
				CLANG_WARN_INT_CONVERSION = YES;
				CLANG_WARN_NON_LITERAL_NULL_CONVERSION = YES;
				CLANG_WARN_OBJC_IMPLICIT_RETAIN_SELF = YES;
				CLANG_WARN_OBJC_LITERAL_CONVERSION = YES;
				CLANG_WARN_OBJC_ROOT_CLASS = YES_ERROR;
				CLANG_WARN_QUOTED_INCLUDE_IN_FRAMEWORK_HEADER = YES;
				CLANG_WARN_RANGE_LOOP_ANALYSIS = YES;
				CLANG_WARN_STRICT_PROTOTYPES = YES;
				CLANG_WARN_SUSPICIOUS_MOVE = YES;
				CLANG_WARN_UNGUARDED_AVAILABILITY = YES_AGGRESSIVE;
				CLANG_WARN_UNREACHABLE_CODE = YES;
				CLANG_WARN__DUPLICATE_METHOD_MATCH = YES;
				COPY_PHASE_STRIP = NO;
				DEBUG_INFORMATION_FORMAT = "dwarf-with-dsym";
				ENABLE_NS_ASSERTIONS = NO;
				ENABLE_STRICT_OBJC_MSGSEND = YES;
				ENABLE_USER_SCRIPT_SANDBOXING = YES;
				GCC_C_LANGUAGE_STANDARD = gnu17;
				GCC_NO_COMMON_BLOCKS = YES;
				GCC_WARN_64_TO_32_BIT_CONVERSION = YES;
				GCC_WARN_ABOUT_RETURN_TYPE = YES_ERROR;
				GCC_WARN_UNDECLARED_SELECTOR = YES;
				GCC_WARN_UNINITIALIZED_AUTOS = YES_AGGRESSIVE;
				GCC_WARN_UNUSED_FUNCTION = YES;
				GCC_WARN_UNUSED_VARIABLE = YES;
				LOCALIZATION_PREFERS_STRING_CATALOGS = YES;
				MACOSX_DEPLOYMENT_TARGET = 15.2;
				MTL_ENABLE_DEBUG_INFO = NO;
				MTL_FAST_MATH = YES;
				SDKROOT = macosx;
				SWIFT_COMPILATION_MODE = wholemodule;
			};
			name = Release;
		};
		8426D9562E49DD66008F6EB1 /* Debug */ = {
			isa = XCBuildConfiguration;
			buildSettings = {
				ASSETCATALOG_COMPILER_APPICON_NAME = AppIcon;
				ASSETCATALOG_COMPILER_GLOBAL_ACCENT_COLOR_NAME = AccentColor;
				CODE_SIGN_ENTITLEMENTS = ShareBox/ShareBox.entitlements;
				CODE_SIGN_STYLE = Automatic;
				COMBINE_HIDPI_IMAGES = YES;
				CURRENT_PROJECT_VERSION = 1;
				DEVELOPMENT_ASSET_PATHS = "\"ShareBox/Preview Content\"";
				DEVELOPMENT_TEAM = U6WA8YA735;
				ENABLE_HARDENED_RUNTIME = YES;
				ENABLE_PREVIEWS = YES;
				GENERATE_INFOPLIST_FILE = YES;
				INFOPLIST_KEY_NSHumanReadableCopyright = "";
				LD_RUNPATH_SEARCH_PATHS = (
					"$(inherited)",
					"@executable_path/../Frameworks",
				);
				MARKETING_VERSION = 1.0;
				OTHER_SWIFT_FLAGS = "";
				PRODUCT_BUNDLE_IDENTIFIER = com.thom1606.ShareBox;
				PRODUCT_NAME = "$(TARGET_NAME)";
				SWIFT_EMIT_LOC_STRINGS = YES;
				SWIFT_VERSION = 5.0;
			};
			name = Debug;
		};
		8426D9572E49DD66008F6EB1 /* Release */ = {
			isa = XCBuildConfiguration;
			buildSettings = {
				ASSETCATALOG_COMPILER_APPICON_NAME = AppIcon;
				ASSETCATALOG_COMPILER_GLOBAL_ACCENT_COLOR_NAME = AccentColor;
				CODE_SIGN_ENTITLEMENTS = ShareBox/ShareBox.entitlements;
				CODE_SIGN_STYLE = Automatic;
				COMBINE_HIDPI_IMAGES = YES;
				CURRENT_PROJECT_VERSION = 1;
				DEVELOPMENT_ASSET_PATHS = "\"ShareBox/Preview Content\"";
				DEVELOPMENT_TEAM = U6WA8YA735;
				ENABLE_HARDENED_RUNTIME = YES;
				ENABLE_PREVIEWS = YES;
				GENERATE_INFOPLIST_FILE = YES;
				INFOPLIST_KEY_NSHumanReadableCopyright = "";
				LD_RUNPATH_SEARCH_PATHS = (
					"$(inherited)",
					"@executable_path/../Frameworks",
				);
				MARKETING_VERSION = 1.0;
				OTHER_SWIFT_FLAGS = "";
				PRODUCT_BUNDLE_IDENTIFIER = com.thom1606.ShareBox;
				PRODUCT_NAME = "$(TARGET_NAME)";
				SWIFT_ACTIVE_COMPILATION_CONDITIONS = RELEASE;
				SWIFT_EMIT_LOC_STRINGS = YES;
				SWIFT_VERSION = 5.0;
			};
			name = Release;
		};
		8426D9692E49DD88008F6EB1 /* Debug */ = {
			isa = XCBuildConfiguration;
			buildSettings = {
				ASSETCATALOG_COMPILER_APPICON_NAME = AppIcon;
				ASSETCATALOG_COMPILER_GLOBAL_ACCENT_COLOR_NAME = AccentColor;
				CODE_SIGN_ENTITLEMENTS = ShareBox.Helper/ShareBox_Helper.entitlements;
				CODE_SIGN_STYLE = Automatic;
				COMBINE_HIDPI_IMAGES = YES;
				CURRENT_PROJECT_VERSION = 1;
				DEVELOPMENT_ASSET_PATHS = "\"ShareBox.Helper/Preview Content\"";
				DEVELOPMENT_TEAM = U6WA8YA735;
				ENABLE_HARDENED_RUNTIME = YES;
				ENABLE_PREVIEWS = YES;
				GENERATE_INFOPLIST_FILE = YES;
				INFOPLIST_KEY_LSBackgroundOnly = YES;
				INFOPLIST_KEY_NSHumanReadableCopyright = "";
				LD_RUNPATH_SEARCH_PATHS = (
					"$(inherited)",
					"@executable_path/../Frameworks",
				);
				MARKETING_VERSION = 1.0;
				PRODUCT_BUNDLE_IDENTIFIER = com.thom1606.ShareBox.Helper;
				PRODUCT_NAME = "$(TARGET_NAME)";
				SWIFT_EMIT_LOC_STRINGS = YES;
				SWIFT_VERSION = 5.0;
			};
			name = Debug;
		};
		8426D96A2E49DD88008F6EB1 /* Release */ = {
			isa = XCBuildConfiguration;
			buildSettings = {
				ASSETCATALOG_COMPILER_APPICON_NAME = AppIcon;
				ASSETCATALOG_COMPILER_GLOBAL_ACCENT_COLOR_NAME = AccentColor;
				CODE_SIGN_ENTITLEMENTS = ShareBox.Helper/ShareBox_Helper.entitlements;
				CODE_SIGN_STYLE = Automatic;
				COMBINE_HIDPI_IMAGES = YES;
				CURRENT_PROJECT_VERSION = 1;
				DEVELOPMENT_ASSET_PATHS = "\"ShareBox.Helper/Preview Content\"";
				DEVELOPMENT_TEAM = U6WA8YA735;
				ENABLE_HARDENED_RUNTIME = YES;
				ENABLE_PREVIEWS = YES;
				GENERATE_INFOPLIST_FILE = YES;
				INFOPLIST_KEY_LSBackgroundOnly = YES;
				INFOPLIST_KEY_NSHumanReadableCopyright = "";
				LD_RUNPATH_SEARCH_PATHS = (
					"$(inherited)",
					"@executable_path/../Frameworks",
				);
				MARKETING_VERSION = 1.0;
				PRODUCT_BUNDLE_IDENTIFIER = com.thom1606.ShareBox.Helper;
				PRODUCT_NAME = "$(TARGET_NAME)";
				SWIFT_ACTIVE_COMPILATION_CONDITIONS = RELEASE;
				SWIFT_EMIT_LOC_STRINGS = YES;
				SWIFT_VERSION = 5.0;
			};
			name = Release;
		};
		8426D9CD2E49ED41008F6EB1 /* Debug */ = {
			isa = XCBuildConfiguration;
			buildSettings = {
				CODE_SIGN_ENTITLEMENTS = ShareBox.Finder/ShareBox_Finder.entitlements;
				CODE_SIGN_STYLE = Automatic;
				COMBINE_HIDPI_IMAGES = YES;
				CURRENT_PROJECT_VERSION = 1;
				DEVELOPMENT_TEAM = U6WA8YA735;
				ENABLE_HARDENED_RUNTIME = YES;
				GENERATE_INFOPLIST_FILE = YES;
				INFOPLIST_FILE = ShareBox.Finder/Info.plist;
				INFOPLIST_KEY_CFBundleDisplayName = ShareBox.Finder;
				INFOPLIST_KEY_LSUIElement = YES;
				INFOPLIST_KEY_NSHumanReadableCopyright = "";
				LD_RUNPATH_SEARCH_PATHS = (
					"$(inherited)",
					"@executable_path/../Frameworks",
					"@executable_path/../../../../Frameworks",
				);
				MARKETING_VERSION = 1.0;
				PRODUCT_BUNDLE_IDENTIFIER = com.thom1606.ShareBox.ShareBox.Finder;
				PRODUCT_NAME = "$(TARGET_NAME)";
				SKIP_INSTALL = YES;
				SWIFT_EMIT_LOC_STRINGS = YES;
				SWIFT_VERSION = 5.0;
			};
			name = Debug;
		};
		8426D9CE2E49ED41008F6EB1 /* Release */ = {
			isa = XCBuildConfiguration;
			buildSettings = {
				CODE_SIGN_ENTITLEMENTS = ShareBox.Finder/ShareBox_Finder.entitlements;
				CODE_SIGN_STYLE = Automatic;
				COMBINE_HIDPI_IMAGES = YES;
				CURRENT_PROJECT_VERSION = 1;
				DEVELOPMENT_TEAM = U6WA8YA735;
				ENABLE_HARDENED_RUNTIME = YES;
				GENERATE_INFOPLIST_FILE = YES;
				INFOPLIST_FILE = ShareBox.Finder/Info.plist;
				INFOPLIST_KEY_CFBundleDisplayName = ShareBox.Finder;
				INFOPLIST_KEY_LSUIElement = YES;
				INFOPLIST_KEY_NSHumanReadableCopyright = "";
				LD_RUNPATH_SEARCH_PATHS = (
					"$(inherited)",
					"@executable_path/../Frameworks",
					"@executable_path/../../../../Frameworks",
				);
				MARKETING_VERSION = 1.0;
				PRODUCT_BUNDLE_IDENTIFIER = com.thom1606.ShareBox.ShareBox.Finder;
				PRODUCT_NAME = "$(TARGET_NAME)";
				SKIP_INSTALL = YES;
				SWIFT_EMIT_LOC_STRINGS = YES;
				SWIFT_VERSION = 5.0;
			};
			name = Release;
		};
/* End XCBuildConfiguration section */

/* Begin XCConfigurationList section */
		8426D9412E49DD65008F6EB1 /* Build configuration list for PBXProject "ShareBox" */ = {
			isa = XCConfigurationList;
			buildConfigurations = (
				8426D9532E49DD66008F6EB1 /* Debug */,
				8426D9542E49DD66008F6EB1 /* Release */,
			);
			defaultConfigurationIsVisible = 0;
			defaultConfigurationName = Release;
		};
		8426D9552E49DD66008F6EB1 /* Build configuration list for PBXNativeTarget "ShareBox" */ = {
			isa = XCConfigurationList;
			buildConfigurations = (
				8426D9562E49DD66008F6EB1 /* Debug */,
				8426D9572E49DD66008F6EB1 /* Release */,
			);
			defaultConfigurationIsVisible = 0;
			defaultConfigurationName = Release;
		};
		8426D9682E49DD88008F6EB1 /* Build configuration list for PBXNativeTarget "ShareBox.Helper" */ = {
			isa = XCConfigurationList;
			buildConfigurations = (
				8426D9692E49DD88008F6EB1 /* Debug */,
				8426D96A2E49DD88008F6EB1 /* Release */,
			);
			defaultConfigurationIsVisible = 0;
			defaultConfigurationName = Release;
		};
		8426D9CC2E49ED41008F6EB1 /* Build configuration list for PBXNativeTarget "ShareBox.Finder" */ = {
			isa = XCConfigurationList;
			buildConfigurations = (
				8426D9CD2E49ED41008F6EB1 /* Debug */,
				8426D9CE2E49ED41008F6EB1 /* Release */,
			);
			defaultConfigurationIsVisible = 0;
			defaultConfigurationName = Release;
		};
/* End XCConfigurationList section */
	};
	rootObject = 8426D93E2E49DD65008F6EB1 /* Project object */;
}
